
Microsoft Visual Studio Solution File, Format Version 12.00
# Visual Studio Version 17
VisualStudioVersion = 17.4.33103.184
MinimumVisualStudioVersion = 10.0.40219.1
Project("{FAE04EC0-301F-11D3-BF4B-00C04F79EFBC}") = "CrudOperations", "CrudOperations\CrudOperations.csproj", "{FBA085DF-A058-4CC0-89A6-C50D0BA4AF9F}"
EndProject
Project("{FAE04EC0-301F-11D3-BF4B-00C04F79EFBC}") = "Tables", "Tables\Tables.csproj", "{2BD766A0-56D8-4EE3-AFE0-21F9C775DD6E}"
EndProject
Global
	GlobalSection(SolutionConfigurationPlatforms) = preSolution
		Debug|Any CPU = Debug|Any CPU
		Release|Any CPU = Release|Any CPU
	EndGlobalSection
	GlobalSection(ProjectConfigurationPlatforms) = postSolution
		{FBA085DF-A058-4CC0-89A6-C50D0BA4AF9F}.Debug|Any CPU.ActiveCfg = Debug|Any CPU
		{FBA085DF-A058-4CC0-89A6-C50D0BA4AF9F}.Debug|Any CPU.Build.0 = Debug|Any CPU
		{FBA085DF-A058-4CC0-89A6-C50D0BA4AF9F}.Release|Any CPU.ActiveCfg = Release|Any CPU
		{FBA085DF-A058-4CC0-89A6-C50D0BA4AF9F}.Release|Any CPU.Build.0 = Release|Any CPU
		{2BD766A0-56D8-4EE3-AFE0-21F9C775DD6E}.Debug|Any CPU.ActiveCfg = Debug|Any CPU
		{2BD766A0-56D8-4EE3-AFE0-21F9C775DD6E}.Debug|Any CPU.Build.0 = Debug|Any CPU
		{2BD766A0-56D8-4EE3-AFE0-21F9C775DD6E}.Release|Any CPU.ActiveCfg = Release|Any CPU
		{2BD766A0-56D8-4EE3-AFE0-21F9C775DD6E}.Release|Any CPU.Build.0 = Release|Any CPU
	EndGlobalSection
	GlobalSection(SolutionProperties) = preSolution
		HideSolutionNode = FALSE
	EndGlobalSection
	GlobalSection(ExtensibilityGlobals) = postSolution
		SolutionGuid = {32A6FA70-1CCF-4569-9F08-508EFC1A6602}
	EndGlobalSection
EndGlobal
